// !$*UTF8*$!
{
	archiveVersion = 1;
	classes = {
	};
	objectVersion = 50;
	objects = {

/* Begin PBXBuildFile section */
		37A26A140DF583B6B37A5761 /* Pods_GoodBookRead.framework in Frameworks */ = {isa = PBXBuildFile; fileRef = 2D248C7C45481FC055DC3F56 /* Pods_GoodBookRead.framework */; };
		940AADF8224DE61D004419A5 /* BookDetailTableViewCell.swift in Sources */ = {isa = PBXBuildFile; fileRef = 940AADF7224DE61D004419A5 /* BookDetailTableViewCell.swift */; };
		940AADFA224E1478004419A5 /* BookDetailViewController.swift in Sources */ = {isa = PBXBuildFile; fileRef = 940AADF9224E1478004419A5 /* BookDetailViewController.swift */; };
		940E026722F2CC6100544899 /* ExtensionCellViewModel.swift in Sources */ = {isa = PBXBuildFile; fileRef = 940E026622F2CC6100544899 /* ExtensionCellViewModel.swift */; };
		940E026922F2CC9200544899 /* ParentExtensionModule.swift in Sources */ = {isa = PBXBuildFile; fileRef = 940E026822F2CC9200544899 /* ParentExtensionModule.swift */; };
		940E026B22F2D12000544899 /* ExtensionViewModel.swift in Sources */ = {isa = PBXBuildFile; fileRef = 940E026A22F2D12000544899 /* ExtensionViewModel.swift */; };
		94400C63224B7727006DB91D /* HomeViewController.swift in Sources */ = {isa = PBXBuildFile; fileRef = 94400C62224B7727006DB91D /* HomeViewController.swift */; };
		94400C66224B7732006DB91D /* MineViewController.swift in Sources */ = {isa = PBXBuildFile; fileRef = 94400C65224B7732006DB91D /* MineViewController.swift */; };
		94400C6E224B7B7C006DB91D /* AsunRefresh.swift in Sources */ = {isa = PBXBuildFile; fileRef = 94400C6D224B7B7C006DB91D /* AsunRefresh.swift */; };
		9441770A224B4CF800ABCD17 /* LFIconFont.swift in Sources */ = {isa = PBXBuildFile; fileRef = 94417709224B4CF700ABCD17 /* LFIconFont.swift */; };
		94417713224B693400ABCD17 /* UILabelExtension.swift in Sources */ = {isa = PBXBuildFile; fileRef = 94417712224B693400ABCD17 /* UILabelExtension.swift */; };
		9449BA7B224C660000B82A57 /* BookExtensionDetailViewController.swift in Sources */ = {isa = PBXBuildFile; fileRef = 9449BA7A224C660000B82A57 /* BookExtensionDetailViewController.swift */; };
		9449BA7E224C66A000B82A57 /* AsunModel.swift in Sources */ = {isa = PBXBuildFile; fileRef = 9449BA7D224C66A000B82A57 /* AsunModel.swift */; };
		9464C29322F4104500E4A479 /* ViewModelExtension.swift in Sources */ = {isa = PBXBuildFile; fileRef = 9464C29222F4104500E4A479 /* ViewModelExtension.swift */; };
		9464C29522F4115E00E4A479 /* HotBookViewModel.swift in Sources */ = {isa = PBXBuildFile; fileRef = 9464C29422F4115E00E4A479 /* HotBookViewModel.swift */; };
		9464C29722F4159F00E4A479 /* HotBookCellViewModel.swift in Sources */ = {isa = PBXBuildFile; fileRef = 9464C29622F4159F00E4A479 /* HotBookCellViewModel.swift */; };
		94A241DC2249DDD7004635D3 /* AppDelegate.swift in Sources */ = {isa = PBXBuildFile; fileRef = 94A241DB2249DDD7004635D3 /* AppDelegate.swift */; };
		94A241E32249DDD8004635D3 /* Assets.xcassets in Resources */ = {isa = PBXBuildFile; fileRef = 94A241E22249DDD8004635D3 /* Assets.xcassets */; };
		94A241E62249DDD8004635D3 /* LaunchScreen.storyboard in Resources */ = {isa = PBXBuildFile; fileRef = 94A241E42249DDD8004635D3 /* LaunchScreen.storyboard */; };
		94A241F32249E10A004635D3 /* AsunBaseCollectionViewCell.swift in Sources */ = {isa = PBXBuildFile; fileRef = 94A241EF2249E10A004635D3 /* AsunBaseCollectionViewCell.swift */; };
		94A241F42249E10A004635D3 /* AsunBaseTableViewCell.swift in Sources */ = {isa = PBXBuildFile; fileRef = 94A241F02249E10A004635D3 /* AsunBaseTableViewCell.swift */; };
		94A241F52249E10A004635D3 /* AsunBaseTableViewHeaderFooterView.swift in Sources */ = {isa = PBXBuildFile; fileRef = 94A241F12249E10A004635D3 /* AsunBaseTableViewHeaderFooterView.swift */; };
		94A241F62249E10A004635D3 /* AsunBaseCollectionReusableView.swift in Sources */ = {isa = PBXBuildFile; fileRef = 94A241F22249E10A004635D3 /* AsunBaseCollectionReusableView.swift */; };
		94A241F82249E112004635D3 /* BlurExtension.swift in Sources */ = {isa = PBXBuildFile; fileRef = 94A241F72249E112004635D3 /* BlurExtension.swift */; };
		94A241FB2249E11C004635D3 /* StringExtension.swift in Sources */ = {isa = PBXBuildFile; fileRef = 94A241F92249E11B004635D3 /* StringExtension.swift */; };
		94A241FF2249E12D004635D3 /* Gloabl.swift in Sources */ = {isa = PBXBuildFile; fileRef = 94A241FE2249E12D004635D3 /* Gloabl.swift */; };
		94A242032249EAD1004635D3 /* AsunAPI.swift in Sources */ = {isa = PBXBuildFile; fileRef = 94A242022249EAD1004635D3 /* AsunAPI.swift */; };
		94A242052249ECB3004635D3 /* UIDeviceExtension.swift in Sources */ = {isa = PBXBuildFile; fileRef = 94A242042249ECB3004635D3 /* UIDeviceExtension.swift */; };
		94A242082249F134004635D3 /* AsunBaseViewController.swift in Sources */ = {isa = PBXBuildFile; fileRef = 94A242072249F134004635D3 /* AsunBaseViewController.swift */; };
		94A2420A2249F256004635D3 /* ExtensionViewController.swift in Sources */ = {isa = PBXBuildFile; fileRef = 94A242092249F256004635D3 /* ExtensionViewController.swift */; };
		94A2420D2249F29A004635D3 /* ParentExtensionCollectionViewCell.swift in Sources */ = {isa = PBXBuildFile; fileRef = 94A2420B2249F29A004635D3 /* ParentExtensionCollectionViewCell.swift */; };
		94A24212224A192D004635D3 /* UIColorExtension.swift in Sources */ = {isa = PBXBuildFile; fileRef = 94A24211224A192D004635D3 /* UIColorExtension.swift */; };
		94A24214224A19C0004635D3 /* AsunNavigationController.swift in Sources */ = {isa = PBXBuildFile; fileRef = 94A24213224A19BF004635D3 /* AsunNavigationController.swift */; };
		94A24216224A1A0E004635D3 /* AsunBarButtonItemFixSpace.swift in Sources */ = {isa = PBXBuildFile; fileRef = 94A24215224A1A0E004635D3 /* AsunBarButtonItemFixSpace.swift */; };
		94A24218224A1A26004635D3 /* DispatchQueueExtension.swift in Sources */ = {isa = PBXBuildFile; fileRef = 94A24217224A1A26004635D3 /* DispatchQueueExtension.swift */; };
		94A2421A224A1AAB004635D3 /* UIBarButtonItemExtension.swift in Sources */ = {isa = PBXBuildFile; fileRef = 94A24219224A1AAB004635D3 /* UIBarButtonItemExtension.swift */; };
		94A2421C224A1AF5004635D3 /* AsunTabBarController.swift in Sources */ = {isa = PBXBuildFile; fileRef = 94A2421B224A1AF5004635D3 /* AsunTabBarController.swift */; };
		94B1377E224CE64500BE4A2B /* AsunEmptyDataSet.swift in Sources */ = {isa = PBXBuildFile; fileRef = 94B1377D224CE64500BE4A2B /* AsunEmptyDataSet.swift */; };
		94D906392251ACEE004E6A4A /* ReadTopBar.swift in Sources */ = {isa = PBXBuildFile; fileRef = 94D906382251ACEE004E6A4A /* ReadTopBar.swift */; };
		94D9063B2251BF45004E6A4A /* DetailTopView.swift in Sources */ = {isa = PBXBuildFile; fileRef = 94D9063A2251BF45004E6A4A /* DetailTopView.swift */; };
		94D9063D2251BF51004E6A4A /* DetailTopView.xib in Resources */ = {isa = PBXBuildFile; fileRef = 94D9063C2251BF51004E6A4A /* DetailTopView.xib */; };
		94E71B6C22F7C45E00CA9581 /* RxBinderExtension.swift in Sources */ = {isa = PBXBuildFile; fileRef = 94E71B6B22F7C45E00CA9581 /* RxBinderExtension.swift */; };
		94E71B6E22F7D0CC00CA9581 /* ExtensionNetworkService.swift in Sources */ = {isa = PBXBuildFile; fileRef = 94E71B6D22F7D0CC00CA9581 /* ExtensionNetworkService.swift */; };
		94EAAC7D22F3D08700DFD4F5 /* MBProgressExtension.swift in Sources */ = {isa = PBXBuildFile; fileRef = 94EAAC7C22F3D08700DFD4F5 /* MBProgressExtension.swift */; };
		94EACDEF224B3E81008EB7DC /* ExtensionsViewController.swift in Sources */ = {isa = PBXBuildFile; fileRef = 94EACDEE224B3E81008EB7DC /* ExtensionsViewController.swift */; };
		94F9AFEC224A3D4A0013D688 /* UIImageExtensions.swift in Sources */ = {isa = PBXBuildFile; fileRef = 94F9AFEB224A3D4A0013D688 /* UIImageExtensions.swift */; };
/* End PBXBuildFile section */

/* Begin PBXFileReference section */
		2D248C7C45481FC055DC3F56 /* Pods_GoodBookRead.framework */ = {isa = PBXFileReference; explicitFileType = wrapper.framework; includeInIndex = 0; path = Pods_GoodBookRead.framework; sourceTree = BUILT_PRODUCTS_DIR; };
		360AE4F9FA79C52F91289058 /* Pods-GoodBookRead.debug.xcconfig */ = {isa = PBXFileReference; includeInIndex = 1; lastKnownFileType = text.xcconfig; name = "Pods-GoodBookRead.debug.xcconfig"; path = "Pods/Target Support Files/Pods-GoodBookRead/Pods-GoodBookRead.debug.xcconfig"; sourceTree = "<group>"; };
		923C53BC4091036897E89515 /* Pods-GoodBookRead.release.xcconfig */ = {isa = PBXFileReference; includeInIndex = 1; lastKnownFileType = text.xcconfig; name = "Pods-GoodBookRead.release.xcconfig"; path = "Pods/Target Support Files/Pods-GoodBookRead/Pods-GoodBookRead.release.xcconfig"; sourceTree = "<group>"; };
		940AADF7224DE61D004419A5 /* BookDetailTableViewCell.swift */ = {isa = PBXFileReference; lastKnownFileType = sourcecode.swift; path = BookDetailTableViewCell.swift; sourceTree = "<group>"; };
		940AADF9224E1478004419A5 /* BookDetailViewController.swift */ = {isa = PBXFileReference; lastKnownFileType = sourcecode.swift; path = BookDetailViewController.swift; sourceTree = "<group>"; };
		940E026622F2CC6100544899 /* ExtensionCellViewModel.swift */ = {isa = PBXFileReference; lastKnownFileType = sourcecode.swift; path = ExtensionCellViewModel.swift; sourceTree = "<group>"; };
		940E026822F2CC9200544899 /* ParentExtensionModule.swift */ = {isa = PBXFileReference; lastKnownFileType = sourcecode.swift; path = ParentExtensionModule.swift; sourceTree = "<group>"; };
		940E026A22F2D12000544899 /* ExtensionViewModel.swift */ = {isa = PBXFileReference; lastKnownFileType = sourcecode.swift; path = ExtensionViewModel.swift; sourceTree = "<group>"; };
		94400C62224B7727006DB91D /* HomeViewController.swift */ = {isa = PBXFileReference; lastKnownFileType = sourcecode.swift; path = HomeViewController.swift; sourceTree = "<group>"; };
		94400C65224B7732006DB91D /* MineViewController.swift */ = {isa = PBXFileReference; lastKnownFileType = sourcecode.swift; path = MineViewController.swift; sourceTree = "<group>"; };
		94400C6D224B7B7C006DB91D /* AsunRefresh.swift */ = {isa = PBXFileReference; lastKnownFileType = sourcecode.swift; path = AsunRefresh.swift; sourceTree = "<group>"; };
		94417709224B4CF700ABCD17 /* LFIconFont.swift */ = {isa = PBXFileReference; fileEncoding = 4; lastKnownFileType = sourcecode.swift; path = LFIconFont.swift; sourceTree = "<group>"; };
		94417712224B693400ABCD17 /* UILabelExtension.swift */ = {isa = PBXFileReference; fileEncoding = 4; lastKnownFileType = sourcecode.swift; path = UILabelExtension.swift; sourceTree = "<group>"; };
		9449BA7A224C660000B82A57 /* BookExtensionDetailViewController.swift */ = {isa = PBXFileReference; lastKnownFileType = sourcecode.swift; path = BookExtensionDetailViewController.swift; sourceTree = "<group>"; };
		9449BA7D224C66A000B82A57 /* AsunModel.swift */ = {isa = PBXFileReference; lastKnownFileType = sourcecode.swift; path = AsunModel.swift; sourceTree = "<group>"; };
		9464C29222F4104500E4A479 /* ViewModelExtension.swift */ = {isa = PBXFileReference; lastKnownFileType = sourcecode.swift; path = ViewModelExtension.swift; sourceTree = "<group>"; };
		9464C29422F4115E00E4A479 /* HotBookViewModel.swift */ = {isa = PBXFileReference; lastKnownFileType = sourcecode.swift; path = HotBookViewModel.swift; sourceTree = "<group>"; };
		9464C29622F4159F00E4A479 /* HotBookCellViewModel.swift */ = {isa = PBXFileReference; lastKnownFileType = sourcecode.swift; path = HotBookCellViewModel.swift; sourceTree = "<group>"; };
		94A241D82249DDD7004635D3 /* GoodBookRead.app */ = {isa = PBXFileReference; explicitFileType = wrapper.application; includeInIndex = 0; path = GoodBookRead.app; sourceTree = BUILT_PRODUCTS_DIR; };
		94A241DB2249DDD7004635D3 /* AppDelegate.swift */ = {isa = PBXFileReference; lastKnownFileType = sourcecode.swift; path = AppDelegate.swift; sourceTree = "<group>"; };
		94A241E22249DDD8004635D3 /* Assets.xcassets */ = {isa = PBXFileReference; lastKnownFileType = folder.assetcatalog; path = Assets.xcassets; sourceTree = "<group>"; };
		94A241E52249DDD8004635D3 /* Base */ = {isa = PBXFileReference; lastKnownFileType = file.storyboard; name = Base; path = Base.lproj/LaunchScreen.storyboard; sourceTree = "<group>"; };
		94A241E72249DDD8004635D3 /* Info.plist */ = {isa = PBXFileReference; lastKnownFileType = text.plist.xml; path = Info.plist; sourceTree = "<group>"; };
		94A241EF2249E10A004635D3 /* AsunBaseCollectionViewCell.swift */ = {isa = PBXFileReference; fileEncoding = 4; lastKnownFileType = sourcecode.swift; path = AsunBaseCollectionViewCell.swift; sourceTree = "<group>"; };
		94A241F02249E10A004635D3 /* AsunBaseTableViewCell.swift */ = {isa = PBXFileReference; fileEncoding = 4; lastKnownFileType = sourcecode.swift; path = AsunBaseTableViewCell.swift; sourceTree = "<group>"; };
		94A241F12249E10A004635D3 /* AsunBaseTableViewHeaderFooterView.swift */ = {isa = PBXFileReference; fileEncoding = 4; lastKnownFileType = sourcecode.swift; path = AsunBaseTableViewHeaderFooterView.swift; sourceTree = "<group>"; };
		94A241F22249E10A004635D3 /* AsunBaseCollectionReusableView.swift */ = {isa = PBXFileReference; fileEncoding = 4; lastKnownFileType = sourcecode.swift; path = AsunBaseCollectionReusableView.swift; sourceTree = "<group>"; };
		94A241F72249E112004635D3 /* BlurExtension.swift */ = {isa = PBXFileReference; fileEncoding = 4; lastKnownFileType = sourcecode.swift; path = BlurExtension.swift; sourceTree = "<group>"; };
		94A241F92249E11B004635D3 /* StringExtension.swift */ = {isa = PBXFileReference; fileEncoding = 4; lastKnownFileType = sourcecode.swift; path = StringExtension.swift; sourceTree = "<group>"; };
		94A241FE2249E12D004635D3 /* Gloabl.swift */ = {isa = PBXFileReference; fileEncoding = 4; lastKnownFileType = sourcecode.swift; path = Gloabl.swift; sourceTree = "<group>"; };
		94A242022249EAD1004635D3 /* AsunAPI.swift */ = {isa = PBXFileReference; lastKnownFileType = sourcecode.swift; path = AsunAPI.swift; sourceTree = "<group>"; };
		94A242042249ECB3004635D3 /* UIDeviceExtension.swift */ = {isa = PBXFileReference; fileEncoding = 4; lastKnownFileType = sourcecode.swift; path = UIDeviceExtension.swift; sourceTree = "<group>"; };
		94A242072249F134004635D3 /* AsunBaseViewController.swift */ = {isa = PBXFileReference; fileEncoding = 4; lastKnownFileType = sourcecode.swift; path = AsunBaseViewController.swift; sourceTree = "<group>"; };
		94A242092249F256004635D3 /* ExtensionViewController.swift */ = {isa = PBXFileReference; lastKnownFileType = sourcecode.swift; path = ExtensionViewController.swift; sourceTree = "<group>"; };
		94A2420B2249F29A004635D3 /* ParentExtensionCollectionViewCell.swift */ = {isa = PBXFileReference; lastKnownFileType = sourcecode.swift; path = ParentExtensionCollectionViewCell.swift; sourceTree = "<group>"; };
		94A24211224A192D004635D3 /* UIColorExtension.swift */ = {isa = PBXFileReference; fileEncoding = 4; lastKnownFileType = sourcecode.swift; path = UIColorExtension.swift; sourceTree = "<group>"; };
		94A24213224A19BF004635D3 /* AsunNavigationController.swift */ = {isa = PBXFileReference; fileEncoding = 4; lastKnownFileType = sourcecode.swift; path = AsunNavigationController.swift; sourceTree = "<group>"; };
		94A24215224A1A0E004635D3 /* AsunBarButtonItemFixSpace.swift */ = {isa = PBXFileReference; fileEncoding = 4; lastKnownFileType = sourcecode.swift; path = AsunBarButtonItemFixSpace.swift; sourceTree = "<group>"; };
		94A24217224A1A26004635D3 /* DispatchQueueExtension.swift */ = {isa = PBXFileReference; fileEncoding = 4; lastKnownFileType = sourcecode.swift; path = DispatchQueueExtension.swift; sourceTree = "<group>"; };
		94A24219224A1AAB004635D3 /* UIBarButtonItemExtension.swift */ = {isa = PBXFileReference; fileEncoding = 4; lastKnownFileType = sourcecode.swift; path = UIBarButtonItemExtension.swift; sourceTree = "<group>"; };
		94A2421B224A1AF5004635D3 /* AsunTabBarController.swift */ = {isa = PBXFileReference; fileEncoding = 4; lastKnownFileType = sourcecode.swift; path = AsunTabBarController.swift; sourceTree = "<group>"; };
		94B1377D224CE64500BE4A2B /* AsunEmptyDataSet.swift */ = {isa = PBXFileReference; fileEncoding = 4; lastKnownFileType = sourcecode.swift; path = AsunEmptyDataSet.swift; sourceTree = "<group>"; };
		94D906382251ACEE004E6A4A /* ReadTopBar.swift */ = {isa = PBXFileReference; lastKnownFileType = sourcecode.swift; path = ReadTopBar.swift; sourceTree = "<group>"; };
		94D9063A2251BF45004E6A4A /* DetailTopView.swift */ = {isa = PBXFileReference; lastKnownFileType = sourcecode.swift; path = DetailTopView.swift; sourceTree = "<group>"; };
		94D9063C2251BF51004E6A4A /* DetailTopView.xib */ = {isa = PBXFileReference; lastKnownFileType = file.xib; path = DetailTopView.xib; sourceTree = "<group>"; };
		94E71B6B22F7C45E00CA9581 /* RxBinderExtension.swift */ = {isa = PBXFileReference; lastKnownFileType = sourcecode.swift; path = RxBinderExtension.swift; sourceTree = "<group>"; };
		94E71B6D22F7D0CC00CA9581 /* ExtensionNetworkService.swift */ = {isa = PBXFileReference; lastKnownFileType = sourcecode.swift; path = ExtensionNetworkService.swift; sourceTree = "<group>"; };
		94EAAC7C22F3D08700DFD4F5 /* MBProgressExtension.swift */ = {isa = PBXFileReference; lastKnownFileType = sourcecode.swift; path = MBProgressExtension.swift; sourceTree = "<group>"; };
		94EACDEE224B3E81008EB7DC /* ExtensionsViewController.swift */ = {isa = PBXFileReference; lastKnownFileType = sourcecode.swift; path = ExtensionsViewController.swift; sourceTree = "<group>"; };
		94F9AFEB224A3D4A0013D688 /* UIImageExtensions.swift */ = {isa = PBXFileReference; fileEncoding = 4; lastKnownFileType = sourcecode.swift; path = UIImageExtensions.swift; sourceTree = "<group>"; };
/* End PBXFileReference section */

/* Begin PBXFrameworksBuildPhase section */
		94A241D52249DDD7004635D3 /* Frameworks */ = {
			isa = PBXFrameworksBuildPhase;
			buildActionMask = 2147483647;
			files = (
				37A26A140DF583B6B37A5761 /* Pods_GoodBookRead.framework in Frameworks */,
			);
			runOnlyForDeploymentPostprocessing = 0;
		};
/* End PBXFrameworksBuildPhase section */

/* Begin PBXGroup section */
		077FB3914ABBECA60D11FA68 /* Frameworks */ = {
			isa = PBXGroup;
			children = (
				2D248C7C45481FC055DC3F56 /* Pods_GoodBookRead.framework */,
			);
			name = Frameworks;
			sourceTree = "<group>";
		};
		5635BADECD24E7D9DBF1730A /* Pods */ = {
			isa = PBXGroup;
			children = (
				360AE4F9FA79C52F91289058 /* Pods-GoodBookRead.debug.xcconfig */,
				923C53BC4091036897E89515 /* Pods-GoodBookRead.release.xcconfig */,
			);
			name = Pods;
			sourceTree = "<group>";
		};
		940E026022F2CA2D00544899 /* ViewModel */ = {
			isa = PBXGroup;
			children = (
			);
			path = ViewModel;
			sourceTree = "<group>";
		};
		940E026322F2CC0400544899 /* Found */ = {
			isa = PBXGroup;
			children = (
				9464C28B22F3FC1D00E4A479 /* HotBook */,
				940E026522F2CC1D00544899 /* ViewModel */,
				940E026422F2CC0E00544899 /* Controller */,
			);
			path = Found;
			sourceTree = "<group>";
		};
		940E026422F2CC0E00544899 /* Controller */ = {
			isa = PBXGroup;
			children = (
				94A242092249F256004635D3 /* ExtensionViewController.swift */,
			);
			path = Controller;
			sourceTree = "<group>";
		};
		940E026522F2CC1D00544899 /* ViewModel */ = {
			isa = PBXGroup;
			children = (
				940E026622F2CC6100544899 /* ExtensionCellViewModel.swift */,
				940E026A22F2D12000544899 /* ExtensionViewModel.swift */,
				940E026822F2CC9200544899 /* ParentExtensionModule.swift */,
				94E71B6D22F7D0CC00CA9581 /* ExtensionNetworkService.swift */,
			);
			path = ViewModel;
			sourceTree = "<group>";
		};
		94400C61224B771A006DB91D /* Home */ = {
			isa = PBXGroup;
			children = (
				94400C62224B7727006DB91D /* HomeViewController.swift */,
			);
			path = Home;
			sourceTree = "<group>";
		};
		94400C64224B772A006DB91D /* Mine */ = {
			isa = PBXGroup;
			children = (
				94400C65224B7732006DB91D /* MineViewController.swift */,
			);
			path = Mine;
			sourceTree = "<group>";
		};
		94400C6C224B7B62006DB91D /* Refresh */ = {
			isa = PBXGroup;
			children = (
				94400C6D224B7B7C006DB91D /* AsunRefresh.swift */,
			);
			path = Refresh;
			sourceTree = "<group>";
		};
		944176F2224B44F900ABCD17 /* Bundle */ = {
			isa = PBXGroup;
			children = (
			);
			path = Bundle;
			sourceTree = "<group>";
		};
		9449BA7C224C668700B82A57 /* Model */ = {
			isa = PBXGroup;
			children = (
				9449BA7D224C66A000B82A57 /* AsunModel.swift */,
			);
			path = Model;
			sourceTree = "<group>";
		};
		9449BA7F224C688500B82A57 /* ViewController */ = {
			isa = PBXGroup;
			children = (
				940AADF9224E1478004419A5 /* BookDetailViewController.swift */,
			);
			path = ViewController;
			sourceTree = "<group>";
		};
		9449BA80224C69A200B82A57 /* View */ = {
			isa = PBXGroup;
			children = (
				94A2420B2249F29A004635D3 /* ParentExtensionCollectionViewCell.swift */,
				940AADF7224DE61D004419A5 /* BookDetailTableViewCell.swift */,
				94D9063A2251BF45004E6A4A /* DetailTopView.swift */,
				94D9063C2251BF51004E6A4A /* DetailTopView.xib */,
			);
			path = View;
			sourceTree = "<group>";
		};
		9464C28B22F3FC1D00E4A479 /* HotBook */ = {
			isa = PBXGroup;
			children = (
				9464C28D22F3FC2E00E4A479 /* ViewModel */,
				9464C28C22F3FC2900E4A479 /* Controller */,
			);
			path = HotBook;
			sourceTree = "<group>";
		};
		9464C28C22F3FC2900E4A479 /* Controller */ = {
			isa = PBXGroup;
			children = (
				9449BA7A224C660000B82A57 /* BookExtensionDetailViewController.swift */,
			);
			path = Controller;
			sourceTree = "<group>";
		};
		9464C28D22F3FC2E00E4A479 /* ViewModel */ = {
			isa = PBXGroup;
			children = (
				9464C29422F4115E00E4A479 /* HotBookViewModel.swift */,
				9464C29622F4159F00E4A479 /* HotBookCellViewModel.swift */,
			);
			path = ViewModel;
			sourceTree = "<group>";
		};
		94A241CF2249DDD7004635D3 = {
			isa = PBXGroup;
			children = (
				94A241DA2249DDD7004635D3 /* GoodBookRead */,
				94A241E72249DDD8004635D3 /* Info.plist */,
				94A241D92249DDD7004635D3 /* Products */,
				5635BADECD24E7D9DBF1730A /* Pods */,
				077FB3914ABBECA60D11FA68 /* Frameworks */,
			);
			sourceTree = "<group>";
		};
		94A241D92249DDD7004635D3 /* Products */ = {
			isa = PBXGroup;
			children = (
				94A241D82249DDD7004635D3 /* GoodBookRead.app */,
			);
			name = Products;
			sourceTree = "<group>";
		};
		94A241DA2249DDD7004635D3 /* GoodBookRead */ = {
			isa = PBXGroup;
			children = (
				94A241E22249DDD8004635D3 /* Assets.xcassets */,
				94A241DB2249DDD7004635D3 /* AppDelegate.swift */,
				944176F2224B44F900ABCD17 /* Bundle */,
				94A242012249EABC004635D3 /* API */,
				9449BA7C224C668700B82A57 /* Model */,
				94A242002249EA2E004635D3 /* Procedure */,
				94A241ED2249E0F3004635D3 /* System */,
			);
			path = GoodBookRead;
			sourceTree = "<group>";
		};
		94A241ED2249E0F3004635D3 /* System */ = {
			isa = PBXGroup;
			children = (
				94B1377C224CE63500BE4A2B /* Component */,
				94400C6C224B7B62006DB91D /* Refresh */,
				94A241EE2249E0FE004635D3 /* Extension */,
				94A241E42249DDD8004635D3 /* LaunchScreen.storyboard */,
			);
			path = System;
			sourceTree = "<group>";
		};
		94A241EE2249E0FE004635D3 /* Extension */ = {
			isa = PBXGroup;
			children = (
				94417709224B4CF700ABCD17 /* LFIconFont.swift */,
				94A241FE2249E12D004635D3 /* Gloabl.swift */,
				94F9AFEB224A3D4A0013D688 /* UIImageExtensions.swift */,
				94417712224B693400ABCD17 /* UILabelExtension.swift */,
				94A24219224A1AAB004635D3 /* UIBarButtonItemExtension.swift */,
				94A24217224A1A26004635D3 /* DispatchQueueExtension.swift */,
				94A242042249ECB3004635D3 /* UIDeviceExtension.swift */,
				94A24211224A192D004635D3 /* UIColorExtension.swift */,
				94A241F92249E11B004635D3 /* StringExtension.swift */,
				94A241F72249E112004635D3 /* BlurExtension.swift */,
				94EAAC7C22F3D08700DFD4F5 /* MBProgressExtension.swift */,
				9464C29222F4104500E4A479 /* ViewModelExtension.swift */,
				94E71B6B22F7C45E00CA9581 /* RxBinderExtension.swift */,
			);
			path = Extension;
			sourceTree = "<group>";
		};
		94A241FD2249E11D004635D3 /* Base */ = {
			isa = PBXGroup;
			children = (
				94A2421B224A1AF5004635D3 /* AsunTabBarController.swift */,
				94A24213224A19BF004635D3 /* AsunNavigationController.swift */,
				94A24215224A1A0E004635D3 /* AsunBarButtonItemFixSpace.swift */,
				94A242072249F134004635D3 /* AsunBaseViewController.swift */,
				94A241F12249E10A004635D3 /* AsunBaseTableViewHeaderFooterView.swift */,
				94A241EF2249E10A004635D3 /* AsunBaseCollectionViewCell.swift */,
				94A241F02249E10A004635D3 /* AsunBaseTableViewCell.swift */,
				94A241F22249E10A004635D3 /* AsunBaseCollectionReusableView.swift */,
			);
			path = Base;
			sourceTree = "<group>";
		};
		94A242002249EA2E004635D3 /* Procedure */ = {
			isa = PBXGroup;
			children = (
				94D906362251ACBE004E6A4A /* ContentRead */,
				94A241FD2249E11D004635D3 /* Base */,
				94400C64224B772A006DB91D /* Mine */,
				94400C61224B771A006DB91D /* Home */,
				94EACDED224B3E61008EB7DC /* ExtensionModule1 */,
				94A242062249F0F2004635D3 /* ExtensionModule */,
			);
			path = Procedure;
			sourceTree = "<group>";
		};
		94A242012249EABC004635D3 /* API */ = {
			isa = PBXGroup;
			children = (
				94A242022249EAD1004635D3 /* AsunAPI.swift */,
			);
			path = API;
			sourceTree = "<group>";
		};
		94A242062249F0F2004635D3 /* ExtensionModule */ = {
			isa = PBXGroup;
			children = (
				940E026322F2CC0400544899 /* Found */,
				940E026022F2CA2D00544899 /* ViewModel */,
				9449BA80224C69A200B82A57 /* View */,
				9449BA7F224C688500B82A57 /* ViewController */,
			);
			path = ExtensionModule;
			sourceTree = "<group>";
		};
		94B1377C224CE63500BE4A2B /* Component */ = {
			isa = PBXGroup;
			children = (
				94B1377D224CE64500BE4A2B /* AsunEmptyDataSet.swift */,
			);
			path = Component;
			sourceTree = "<group>";
		};
		94D906362251ACBE004E6A4A /* ContentRead */ = {
			isa = PBXGroup;
			children = (
				94D906372251ACCE004E6A4A /* ReadModuleView */,
			);
			path = ContentRead;
			sourceTree = "<group>";
		};
		94D906372251ACCE004E6A4A /* ReadModuleView */ = {
			isa = PBXGroup;
			children = (
				94D906382251ACEE004E6A4A /* ReadTopBar.swift */,
			);
			path = ReadModuleView;
			sourceTree = "<group>";
		};
		94EACDED224B3E61008EB7DC /* ExtensionModule1 */ = {
			isa = PBXGroup;
			children = (
				94EACDEE224B3E81008EB7DC /* ExtensionsViewController.swift */,
			);
			path = ExtensionModule1;
			sourceTree = "<group>";
		};
/* End PBXGroup section */

/* Begin PBXNativeTarget section */
		94A241D72249DDD7004635D3 /* GoodBookRead */ = {
			isa = PBXNativeTarget;
			buildConfigurationList = 94A241EA2249DDD8004635D3 /* Build configuration list for PBXNativeTarget "GoodBookRead" */;
			buildPhases = (
				8516EA9DD0FD2CC4CC7FCEA8 /* [CP] Check Pods Manifest.lock */,
				94A241D42249DDD7004635D3 /* Sources */,
				94A241D52249DDD7004635D3 /* Frameworks */,
				94A241D62249DDD7004635D3 /* Resources */,
				68D14B0520B061D5CFCFA0D3 /* [CP] Embed Pods Frameworks */,
			);
			buildRules = (
			);
			dependencies = (
			);
			name = GoodBookRead;
			productName = GoodBookRead;
			productReference = 94A241D82249DDD7004635D3 /* GoodBookRead.app */;
			productType = "com.apple.product-type.application";
		};
/* End PBXNativeTarget section */

/* Begin PBXProject section */
		94A241D02249DDD7004635D3 /* Project object */ = {
			isa = PBXProject;
			attributes = {
				LastSwiftUpdateCheck = 1010;
				LastUpgradeCheck = 1010;
				ORGANIZATIONNAME = Asun;
				TargetAttributes = {
					94A241D72249DDD7004635D3 = {
						CreatedOnToolsVersion = 10.1;
					};
				};
			};
			buildConfigurationList = 94A241D32249DDD7004635D3 /* Build configuration list for PBXProject "GoodBookRead" */;
			compatibilityVersion = "Xcode 9.3";
			developmentRegion = en;
			hasScannedForEncodings = 0;
			knownRegions = (
				en,
				Base,
			);
			mainGroup = 94A241CF2249DDD7004635D3;
			productRefGroup = 94A241D92249DDD7004635D3 /* Products */;
			projectDirPath = "";
			projectRoot = "";
			targets = (
				94A241D72249DDD7004635D3 /* GoodBookRead */,
			);
		};
/* End PBXProject section */

/* Begin PBXResourcesBuildPhase section */
		94A241D62249DDD7004635D3 /* Resources */ = {
			isa = PBXResourcesBuildPhase;
			buildActionMask = 2147483647;
			files = (
				94A241E62249DDD8004635D3 /* LaunchScreen.storyboard in Resources */,
				94A241E32249DDD8004635D3 /* Assets.xcassets in Resources */,
				94D9063D2251BF51004E6A4A /* DetailTopView.xib in Resources */,
			);
			runOnlyForDeploymentPostprocessing = 0;
		};
/* End PBXResourcesBuildPhase section */

/* Begin PBXShellScriptBuildPhase section */
		68D14B0520B061D5CFCFA0D3 /* [CP] Embed Pods Frameworks */ = {
			isa = PBXShellScriptBuildPhase;
			buildActionMask = 2147483647;
			files = (
			);
			inputPaths = (
				"${PODS_ROOT}/Target Support Files/Pods-GoodBookRead/Pods-GoodBookRead-frameworks.sh",
				"${BUILT_PRODUCTS_DIR}/Alamofire/Alamofire.framework",
				"${BUILT_PRODUCTS_DIR}/Differentiator/Differentiator.framework",
				"${BUILT_PRODUCTS_DIR}/EmptyDataSet-Swift/EmptyDataSet_Swift.framework",
				"${BUILT_PRODUCTS_DIR}/HandyJSON/HandyJSON.framework",
				"${BUILT_PRODUCTS_DIR}/MBProgressHUD/MBProgressHUD.framework",
				"${BUILT_PRODUCTS_DIR}/MJRefresh/MJRefresh.framework",
				"${BUILT_PRODUCTS_DIR}/Moya/Moya.framework",
				"${BUILT_PRODUCTS_DIR}/NSObject+Rx/NSObject_Rx.framework",
				"${BUILT_PRODUCTS_DIR}/Result/Result.framework",
				"${BUILT_PRODUCTS_DIR}/Reusable/Reusable.framework",
				"${BUILT_PRODUCTS_DIR}/RxAtomic/RxAtomic.framework",
				"${BUILT_PRODUCTS_DIR}/RxCocoa/RxCocoa.framework",
				"${BUILT_PRODUCTS_DIR}/RxDataSources/RxDataSources.framework",
				"${BUILT_PRODUCTS_DIR}/RxSwift/RxSwift.framework",
				"${BUILT_PRODUCTS_DIR}/SnapKit/SnapKit.framework",
				"${BUILT_PRODUCTS_DIR}/SwiftyJSON/SwiftyJSON.framework",
				"${BUILT_PRODUCTS_DIR}/Then/Then.framework",
				"${BUILT_PRODUCTS_DIR}/YYAsyncLayer/YYAsyncLayer.framework",
				"${BUILT_PRODUCTS_DIR}/YYCache/YYCache.framework",
				"${BUILT_PRODUCTS_DIR}/YYImage/YYImage.framework",
				"${BUILT_PRODUCTS_DIR}/YYWebImage/YYWebImage.framework",
			);
			name = "[CP] Embed Pods Frameworks";
			outputPaths = (
				"${TARGET_BUILD_DIR}/${FRAMEWORKS_FOLDER_PATH}/Alamofire.framework",
				"${TARGET_BUILD_DIR}/${FRAMEWORKS_FOLDER_PATH}/Differentiator.framework",
				"${TARGET_BUILD_DIR}/${FRAMEWORKS_FOLDER_PATH}/EmptyDataSet_Swift.framework",
				"${TARGET_BUILD_DIR}/${FRAMEWORKS_FOLDER_PATH}/HandyJSON.framework",
				"${TARGET_BUILD_DIR}/${FRAMEWORKS_FOLDER_PATH}/MBProgressHUD.framework",
				"${TARGET_BUILD_DIR}/${FRAMEWORKS_FOLDER_PATH}/MJRefresh.framework",
				"${TARGET_BUILD_DIR}/${FRAMEWORKS_FOLDER_PATH}/Moya.framework",
				"${TARGET_BUILD_DIR}/${FRAMEWORKS_FOLDER_PATH}/NSObject_Rx.framework",
				"${TARGET_BUILD_DIR}/${FRAMEWORKS_FOLDER_PATH}/Result.framework",
				"${TARGET_BUILD_DIR}/${FRAMEWORKS_FOLDER_PATH}/Reusable.framework",
				"${TARGET_BUILD_DIR}/${FRAMEWORKS_FOLDER_PATH}/RxAtomic.framework",
				"${TARGET_BUILD_DIR}/${FRAMEWORKS_FOLDER_PATH}/RxCocoa.framework",
				"${TARGET_BUILD_DIR}/${FRAMEWORKS_FOLDER_PATH}/RxDataSources.framework",
				"${TARGET_BUILD_DIR}/${FRAMEWORKS_FOLDER_PATH}/RxSwift.framework",
				"${TARGET_BUILD_DIR}/${FRAMEWORKS_FOLDER_PATH}/SnapKit.framework",
				"${TARGET_BUILD_DIR}/${FRAMEWORKS_FOLDER_PATH}/SwiftyJSON.framework",
				"${TARGET_BUILD_DIR}/${FRAMEWORKS_FOLDER_PATH}/Then.framework",
				"${TARGET_BUILD_DIR}/${FRAMEWORKS_FOLDER_PATH}/YYAsyncLayer.framework",
				"${TARGET_BUILD_DIR}/${FRAMEWORKS_FOLDER_PATH}/YYCache.framework",
				"${TARGET_BUILD_DIR}/${FRAMEWORKS_FOLDER_PATH}/YYImage.framework",
				"${TARGET_BUILD_DIR}/${FRAMEWORKS_FOLDER_PATH}/YYWebImage.framework",
			);
			runOnlyForDeploymentPostprocessing = 0;
			shellPath = /bin/sh;
			shellScript = "\"${PODS_ROOT}/Target Support Files/Pods-GoodBookRead/Pods-GoodBookRead-frameworks.sh\"\n";
			showEnvVarsInLog = 0;
		};
		8516EA9DD0FD2CC4CC7FCEA8 /* [CP] Check Pods Manifest.lock */ = {
			isa = PBXShellScriptBuildPhase;
			buildActionMask = 2147483647;
			files = (
			);
			inputPaths = (
				"${PODS_PODFILE_DIR_PATH}/Podfile.lock",
				"${PODS_ROOT}/Manifest.lock",
			);
			name = "[CP] Check Pods Manifest.lock";
			outputPaths = (
				"$(DERIVED_FILE_DIR)/Pods-GoodBookRead-checkManifestLockResult.txt",
			);
			runOnlyForDeploymentPostprocessing = 0;
			shellPath = /bin/sh;
			shellScript = "diff \"${PODS_PODFILE_DIR_PATH}/Podfile.lock\" \"${PODS_ROOT}/Manifest.lock\" > /dev/null\nif [ $? != 0 ] ; then\n    # print error to STDERR\n    echo \"error: The sandbox is not in sync with the Podfile.lock. Run 'pod install' or update your CocoaPods installation.\" >&2\n    exit 1\nfi\n# This output is used by Xcode 'outputs' to avoid re-running this script phase.\necho \"SUCCESS\" > \"${SCRIPT_OUTPUT_FILE_0}\"\n";
			showEnvVarsInLog = 0;
		};
/* End PBXShellScriptBuildPhase section */

/* Begin PBXSourcesBuildPhase section */
		94A241D42249DDD7004635D3 /* Sources */ = {
			isa = PBXSourcesBuildPhase;
			buildActionMask = 2147483647;
			files = (
				94B1377E224CE64500BE4A2B /* AsunEmptyDataSet.swift in Sources */,
				94A2421A224A1AAB004635D3 /* UIBarButtonItemExtension.swift in Sources */,
				94F9AFEC224A3D4A0013D688 /* UIImageExtensions.swift in Sources */,
				94A241F62249E10A004635D3 /* AsunBaseCollectionReusableView.swift in Sources */,
				94A241F82249E112004635D3 /* BlurExtension.swift in Sources */,
				94A24218224A1A26004635D3 /* DispatchQueueExtension.swift in Sources */,
				940AADFA224E1478004419A5 /* BookDetailViewController.swift in Sources */,
				94A2420D2249F29A004635D3 /* ParentExtensionCollectionViewCell.swift in Sources */,
				94A241FF2249E12D004635D3 /* Gloabl.swift in Sources */,
				940E026B22F2D12000544899 /* ExtensionViewModel.swift in Sources */,
				94EAAC7D22F3D08700DFD4F5 /* MBProgressExtension.swift in Sources */,
				9464C29322F4104500E4A479 /* ViewModelExtension.swift in Sources */,
				94A241F32249E10A004635D3 /* AsunBaseCollectionViewCell.swift in Sources */,
				9464C29522F4115E00E4A479 /* HotBookViewModel.swift in Sources */,
				94E71B6E22F7D0CC00CA9581 /* ExtensionNetworkService.swift in Sources */,
				94A2420A2249F256004635D3 /* ExtensionViewController.swift in Sources */,
				940E026722F2CC6100544899 /* ExtensionCellViewModel.swift in Sources */,
				94400C66224B7732006DB91D /* MineViewController.swift in Sources */,
				94A24214224A19C0004635D3 /* AsunNavigationController.swift in Sources */,
				94A241FB2249E11C004635D3 /* StringExtension.swift in Sources */,
				94400C63224B7727006DB91D /* HomeViewController.swift in Sources */,
				94A241F52249E10A004635D3 /* AsunBaseTableViewHeaderFooterView.swift in Sources */,
				94A241F42249E10A004635D3 /* AsunBaseTableViewCell.swift in Sources */,
				9464C29722F4159F00E4A479 /* HotBookCellViewModel.swift in Sources */,
				94417713224B693400ABCD17 /* UILabelExtension.swift in Sources */,
				94A24216224A1A0E004635D3 /* AsunBarButtonItemFixSpace.swift in Sources */,
				94D9063B2251BF45004E6A4A /* DetailTopView.swift in Sources */,
				94E71B6C22F7C45E00CA9581 /* RxBinderExtension.swift in Sources */,
				94A242052249ECB3004635D3 /* UIDeviceExtension.swift in Sources */,
				94A24212224A192D004635D3 /* UIColorExtension.swift in Sources */,
				94A2421C224A1AF5004635D3 /* AsunTabBarController.swift in Sources */,
				94D906392251ACEE004E6A4A /* ReadTopBar.swift in Sources */,
				94A241DC2249DDD7004635D3 /* AppDelegate.swift in Sources */,
				940E026922F2CC9200544899 /* ParentExtensionModule.swift in Sources */,
				94A242082249F134004635D3 /* AsunBaseViewController.swift in Sources */,
				9441770A224B4CF800ABCD17 /* LFIconFont.swift in Sources */,
				9449BA7B224C660000B82A57 /* BookExtensionDetailViewController.swift in Sources */,
				940AADF8224DE61D004419A5 /* BookDetailTableViewCell.swift in Sources */,
				94EACDEF224B3E81008EB7DC /* ExtensionsViewController.swift in Sources */,
				9449BA7E224C66A000B82A57 /* AsunModel.swift in Sources */,
				94400C6E224B7B7C006DB91D /* AsunRefresh.swift in Sources */,
				94A242032249EAD1004635D3 /* AsunAPI.swift in Sources */,
			);
			runOnlyForDeploymentPostprocessing = 0;
		};
/* End PBXSourcesBuildPhase section */

/* Begin PBXVariantGroup section */
		94A241E42249DDD8004635D3 /* LaunchScreen.storyboard */ = {
			isa = PBXVariantGroup;
			children = (
				94A241E52249DDD8004635D3 /* Base */,
			);
			name = LaunchScreen.storyboard;
			sourceTree = "<group>";
		};
/* End PBXVariantGroup section */

/* Begin XCBuildConfiguration section */
		94A241E82249DDD8004635D3 /* Debug */ = {
			isa = XCBuildConfiguration;
			buildSettings = {
				ALWAYS_SEARCH_USER_PATHS = NO;
				CLANG_ANALYZER_NONNULL = YES;
				CLANG_ANALYZER_NUMBER_OBJECT_CONVERSION = YES_AGGRESSIVE;
				CLANG_CXX_LANGUAGE_STANDARD = "gnu++14";
				CLANG_CXX_LIBRARY = "libc++";
				CLANG_ENABLE_MODULES = YES;
				CLANG_ENABLE_OBJC_ARC = YES;
				CLANG_ENABLE_OBJC_WEAK = YES;
				CLANG_WARN_BLOCK_CAPTURE_AUTORELEASING = YES;
				CLANG_WARN_BOOL_CONVERSION = YES;
				CLANG_WARN_COMMA = YES;
				CLANG_WARN_CONSTANT_CONVERSION = YES;
				CLANG_WARN_DEPRECATED_OBJC_IMPLEMENTATIONS = YES;
				CLANG_WARN_DIRECT_OBJC_ISA_USAGE = YES_ERROR;
				CLANG_WARN_DOCUMENTATION_COMMENTS = YES;
				CLANG_WARN_EMPTY_BODY = YES;
				CLANG_WARN_ENUM_CONVERSION = YES;
				CLANG_WARN_INFINITE_RECURSION = YES;
				CLANG_WARN_INT_CONVERSION = YES;
				CLANG_WARN_NON_LITERAL_NULL_CONVERSION = YES;
				CLANG_WARN_OBJC_IMPLICIT_RETAIN_SELF = YES;
				CLANG_WARN_OBJC_LITERAL_CONVERSION = YES;
				CLANG_WARN_OBJC_ROOT_CLASS = YES_ERROR;
				CLANG_WARN_RANGE_LOOP_ANALYSIS = YES;
				CLANG_WARN_STRICT_PROTOTYPES = YES;
				CLANG_WARN_SUSPICIOUS_MOVE = YES;
				CLANG_WARN_UNGUARDED_AVAILABILITY = YES_AGGRESSIVE;
				CLANG_WARN_UNREACHABLE_CODE = YES;
				CLANG_WARN__DUPLICATE_METHOD_MATCH = YES;
				CODE_SIGN_IDENTITY = "iPhone Developer";
				COPY_PHASE_STRIP = NO;
				DEBUG_INFORMATION_FORMAT = dwarf;
				ENABLE_STRICT_OBJC_MSGSEND = YES;
				ENABLE_TESTABILITY = YES;
				GCC_C_LANGUAGE_STANDARD = gnu11;
				GCC_DYNAMIC_NO_PIC = NO;
				GCC_NO_COMMON_BLOCKS = YES;
				GCC_OPTIMIZATION_LEVEL = 0;
				GCC_PREPROCESSOR_DEFINITIONS = (
					"DEBUG=1",
					"$(inherited)",
				);
				GCC_WARN_64_TO_32_BIT_CONVERSION = YES;
				GCC_WARN_ABOUT_RETURN_TYPE = YES_ERROR;
				GCC_WARN_UNDECLARED_SELECTOR = YES;
				GCC_WARN_UNINITIALIZED_AUTOS = YES_AGGRESSIVE;
				GCC_WARN_UNUSED_FUNCTION = YES;
				GCC_WARN_UNUSED_VARIABLE = YES;
				IPHONEOS_DEPLOYMENT_TARGET = 12.1;
				MTL_ENABLE_DEBUG_INFO = INCLUDE_SOURCE;
				MTL_FAST_MATH = YES;
				ONLY_ACTIVE_ARCH = YES;
				SDKROOT = iphoneos;
				SWIFT_ACTIVE_COMPILATION_CONDITIONS = DEBUG;
				SWIFT_OPTIMIZATION_LEVEL = "-Onone";
			};
			name = Debug;
		};
		94A241E92249DDD8004635D3 /* Release */ = {
			isa = XCBuildConfiguration;
			buildSettings = {
				ALWAYS_SEARCH_USER_PATHS = NO;
				CLANG_ANALYZER_NONNULL = YES;
				CLANG_ANALYZER_NUMBER_OBJECT_CONVERSION = YES_AGGRESSIVE;
				CLANG_CXX_LANGUAGE_STANDARD = "gnu++14";
				CLANG_CXX_LIBRARY = "libc++";
				CLANG_ENABLE_MODULES = YES;
				CLANG_ENABLE_OBJC_ARC = YES;
				CLANG_ENABLE_OBJC_WEAK = YES;
				CLANG_WARN_BLOCK_CAPTURE_AUTORELEASING = YES;
				CLANG_WARN_BOOL_CONVERSION = YES;
				CLANG_WARN_COMMA = YES;
				CLANG_WARN_CONSTANT_CONVERSION = YES;
				CLANG_WARN_DEPRECATED_OBJC_IMPLEMENTATIONS = YES;
				CLANG_WARN_DIRECT_OBJC_ISA_USAGE = YES_ERROR;
				CLANG_WARN_DOCUMENTATION_COMMENTS = YES;
				CLANG_WARN_EMPTY_BODY = YES;
				CLANG_WARN_ENUM_CONVERSION = YES;
				CLANG_WARN_INFINITE_RECURSION = YES;
				CLANG_WARN_INT_CONVERSION = YES;
				CLANG_WARN_NON_LITERAL_NULL_CONVERSION = YES;
				CLANG_WARN_OBJC_IMPLICIT_RETAIN_SELF = YES;
				CLANG_WARN_OBJC_LITERAL_CONVERSION = YES;
				CLANG_WARN_OBJC_ROOT_CLASS = YES_ERROR;
				CLANG_WARN_RANGE_LOOP_ANALYSIS = YES;
				CLANG_WARN_STRICT_PROTOTYPES = YES;
				CLANG_WARN_SUSPICIOUS_MOVE = YES;
				CLANG_WARN_UNGUARDED_AVAILABILITY = YES_AGGRESSIVE;
				CLANG_WARN_UNREACHABLE_CODE = YES;
				CLANG_WARN__DUPLICATE_METHOD_MATCH = YES;
				CODE_SIGN_IDENTITY = "iPhone Developer";
				COPY_PHASE_STRIP = NO;
				DEBUG_INFORMATION_FORMAT = "dwarf-with-dsym";
				ENABLE_NS_ASSERTIONS = NO;
				ENABLE_STRICT_OBJC_MSGSEND = YES;
				GCC_C_LANGUAGE_STANDARD = gnu11;
				GCC_NO_COMMON_BLOCKS = YES;
				GCC_WARN_64_TO_32_BIT_CONVERSION = YES;
				GCC_WARN_ABOUT_RETURN_TYPE = YES_ERROR;
				GCC_WARN_UNDECLARED_SELECTOR = YES;
				GCC_WARN_UNINITIALIZED_AUTOS = YES_AGGRESSIVE;
				GCC_WARN_UNUSED_FUNCTION = YES;
				GCC_WARN_UNUSED_VARIABLE = YES;
				IPHONEOS_DEPLOYMENT_TARGET = 12.1;
				MTL_ENABLE_DEBUG_INFO = NO;
				MTL_FAST_MATH = YES;
				SDKROOT = iphoneos;
				SWIFT_COMPILATION_MODE = wholemodule;
				SWIFT_OPTIMIZATION_LEVEL = "-O";
				VALIDATE_PRODUCT = YES;
			};
			name = Release;
		};
		94A241EB2249DDD8004635D3 /* Debug */ = {
			isa = XCBuildConfiguration;
			baseConfigurationReference = 360AE4F9FA79C52F91289058 /* Pods-GoodBookRead.debug.xcconfig */;
			buildSettings = {
				ASSETCATALOG_COMPILER_APPICON_NAME = AppIcon;
				CODE_SIGN_STYLE = Automatic;
				DEVELOPMENT_TEAM = FR3SC3EULN;
				INFOPLIST_FILE = "$(SRCROOT)/info.plist";
				IPHONEOS_DEPLOYMENT_TARGET = 10.0;
				LD_RUNPATH_SEARCH_PATHS = (
					"$(inherited)",
					"@executable_path/Frameworks",
				);
				PRODUCT_BUNDLE_IDENTIFIER = BecomeRich.GoodBookRead;
				PRODUCT_NAME = "$(TARGET_NAME)";
				SWIFT_VERSION = 4.0;
				TARGETED_DEVICE_FAMILY = 1;
			};
			name = Debug;
		};
		94A241EC2249DDD8004635D3 /* Release */ = {
			isa = XCBuildConfiguration;
			baseConfigurationReference = 923C53BC4091036897E89515 /* Pods-GoodBookRead.release.xcconfig */;
			buildSettings = {
				ASSETCATALOG_COMPILER_APPICON_NAME = AppIcon;
				CODE_SIGN_STYLE = Automatic;
				DEVELOPMENT_TEAM = FR3SC3EULN;
				INFOPLIST_FILE = "$(SRCROOT)/info.plist";
				IPHONEOS_DEPLOYMENT_TARGET = 10.0;
				LD_RUNPATH_SEARCH_PATHS = (
					"$(inherited)",
					"@executable_path/Frameworks",
				);
				PRODUCT_BUNDLE_IDENTIFIER = BecomeRich.GoodBookRead;
				PRODUCT_NAME = "$(TARGET_NAME)";
				SWIFT_VERSION = 4.0;
				TARGETED_DEVICE_FAMILY = 1;
			};
			name = Release;
		};
/* End XCBuildConfiguration section */

/* Begin XCConfigurationList section */
		94A241D32249DDD7004635D3 /* Build configuration list for PBXProject "GoodBookRead" */ = {
			isa = XCConfigurationList;
			buildConfigurations = (
				94A241E82249DDD8004635D3 /* Debug */,
				94A241E92249DDD8004635D3 /* Release */,
			);
			defaultConfigurationIsVisible = 0;
			defaultConfigurationName = Release;
		};
		94A241EA2249DDD8004635D3 /* Build configuration list for PBXNativeTarget "GoodBookRead" */ = {
			isa = XCConfigurationList;
			buildConfigurations = (
				94A241EB2249DDD8004635D3 /* Debug */,
				94A241EC2249DDD8004635D3 /* Release */,
			);
			defaultConfigurationIsVisible = 0;
			defaultConfigurationName = Release;
		};
/* End XCConfigurationList section */
	};
	rootObject = 94A241D02249DDD7004635D3 /* Project object */;
}
